
Microsoft Visual Studio Solution File, Format Version 12.00
# Visual Studio Version 16
VisualStudioVersion = 16.0.30804.86
MinimumVisualStudioVersion = 10.0.40219.1
Project("{FAE04EC0-301F-11D3-BF4B-00C04F79EFBC}") = "SimpleIDE", "SimpleIDE.csproj", "{C323320F-D05A-48E1-A445-FB2CD98D179D}"
EndProject
Global
	GlobalSection(SolutionConfigurationPlatforms) = preSolution
		Debug|Any CPU = Debug|Any CPU
		Release|Any CPU = Release|Any CPU
	EndGlobalSection
	GlobalSection(ProjectConfigurationPlatforms) = postSolution
		{C323320F-D05A-48E1-A445-FB2CD98D179D}.Debug|Any CPU.ActiveCfg = Debug|Any CPU
		{C323320F-D05A-48E1-A445-FB2CD98D179D}.Debug|Any CPU.Build.0 = Debug|Any CPU
		{C323320F-D05A-48E1-A445-FB2CD98D179D}.Release|Any CPU.ActiveCfg = Release|Any CPU
		{C323320F-D05A-48E1-A445-FB2CD98D179D}.Release|Any CPU.Build.0 = Release|Any CPU
	EndGlobalSection
	GlobalSection(SolutionProperties) = preSolution
		HideSolutionNode = FALSE
	EndGlobalSection
	GlobalSection(ExtensibilityGlobals) = postSolution
		SolutionGuid = {26C643DE-B3CF-4AE5-9983-D2E60364A98D}
	EndGlobalSection
EndGlobal
